
Microsoft Visual Studio Solution File, Format Version 12.00
# Visual Studio Version 17
VisualStudioVersion = 17.8.34408.163
MinimumVisualStudioVersion = 10.0.40219.1
Project("{FAE04EC0-301F-11D3-BF4B-00C04F79EFBC}") = "Dormy.WebService.Api", "Dormy.WebService.Api\Dormy.WebService.Api.csproj", "{B751F525-7CC5-4A5E-AF4D-CC7700991C80}"
EndProject
Project("{FAE04EC0-301F-11D3-BF4B-00C04F79EFBC}") = "Dormy.WebService.Api.Migrations", "Dormy.WebService.Api.Migrations\Dormy.WebService.Api.Migrations.csproj", "{64BF133E-0722-4653-A4DF-E8D50A4BB4F7}"
EndProject
Project("{FAE04EC0-301F-11D3-BF4B-00C04F79EFBC}") = "Dormy.WebService.Api.Models", "Dormy.WebService.Api.Models\Dormy.WebService.Api.Models.csproj", "{D49CE4F3-7ED0-4517-895E-97685D80E44C}"
EndProject
Global
	GlobalSection(SolutionConfigurationPlatforms) = preSolution
		Debug|Any CPU = Debug|Any CPU
		Release|Any CPU = Release|Any CPU
	EndGlobalSection
	GlobalSection(ProjectConfigurationPlatforms) = postSolution
		{B751F525-7CC5-4A5E-AF4D-CC7700991C80}.Debug|Any CPU.ActiveCfg = Debug|Any CPU
		{B751F525-7CC5-4A5E-AF4D-CC7700991C80}.Debug|Any CPU.Build.0 = Debug|Any CPU
		{B751F525-7CC5-4A5E-AF4D-CC7700991C80}.Release|Any CPU.ActiveCfg = Release|Any CPU
		{B751F525-7CC5-4A5E-AF4D-CC7700991C80}.Release|Any CPU.Build.0 = Release|Any CPU
		{64BF133E-0722-4653-A4DF-E8D50A4BB4F7}.Debug|Any CPU.ActiveCfg = Debug|Any CPU
		{64BF133E-0722-4653-A4DF-E8D50A4BB4F7}.Debug|Any CPU.Build.0 = Debug|Any CPU
		{64BF133E-0722-4653-A4DF-E8D50A4BB4F7}.Release|Any CPU.ActiveCfg = Release|Any CPU
		{64BF133E-0722-4653-A4DF-E8D50A4BB4F7}.Release|Any CPU.Build.0 = Release|Any CPU
		{D49CE4F3-7ED0-4517-895E-97685D80E44C}.Debug|Any CPU.ActiveCfg = Debug|Any CPU
		{D49CE4F3-7ED0-4517-895E-97685D80E44C}.Debug|Any CPU.Build.0 = Debug|Any CPU
		{D49CE4F3-7ED0-4517-895E-97685D80E44C}.Release|Any CPU.ActiveCfg = Release|Any CPU
		{D49CE4F3-7ED0-4517-895E-97685D80E44C}.Release|Any CPU.Build.0 = Release|Any CPU
	EndGlobalSection
	GlobalSection(SolutionProperties) = preSolution
		HideSolutionNode = FALSE
	EndGlobalSection
	GlobalSection(ExtensibilityGlobals) = postSolution
		SolutionGuid = {D5D7C604-DF59-4410-B5ED-7CA541DECFC0}
	EndGlobalSection
EndGlobal
